
Microsoft Visual Studio Solution File, Format Version 12.00
# Visual Studio Version 17
VisualStudioVersion = 17.6.33723.286
MinimumVisualStudioVersion = 10.0.40219.1
Project("{FAE04EC0-301F-11D3-BF4B-00C04F79EFBC}") = "WebApplication1", "WebApplication1\WebApplication1.csproj", "{3D5B880A-122B-4B9B-B5E7-38F20E2C935B}"
EndProject
Global
	GlobalSection(SolutionConfigurationPlatforms) = preSolution
		Debug|Any CPU = Debug|Any CPU
		Release|Any CPU = Release|Any CPU
	EndGlobalSection
	GlobalSection(ProjectConfigurationPlatforms) = postSolution
		{3D5B880A-122B-4B9B-B5E7-38F20E2C935B}.Debug|Any CPU.ActiveCfg = Debug|Any CPU
		{3D5B880A-122B-4B9B-B5E7-38F20E2C935B}.Debug|Any CPU.Build.0 = Debug|Any CPU
		{3D5B880A-122B-4B9B-B5E7-38F20E2C935B}.Release|Any CPU.ActiveCfg = Release|Any CPU
		{3D5B880A-122B-4B9B-B5E7-38F20E2C935B}.Release|Any CPU.Build.0 = Release|Any CPU
	EndGlobalSection
	GlobalSection(SolutionProperties) = preSolution
		HideSolutionNode = FALSE
	EndGlobalSection
	GlobalSection(ExtensibilityGlobals) = postSolution
		SolutionGuid = {B674365D-CD5F-4D00-8B78-17F5E9D46B42}
	EndGlobalSection
EndGlobal
